github.com/asaskevich/EventBus v0.0.0-20200907212545-49d423059eef h1:2JGTg6JapxP9/R33ZaagQtAM4EkkSYnIAlOG5EI8gkM=
github.com/asaskevich/EventBus v0.0.0-20200907212545-49d423059eef/go.mod h1:JS7hed4L1fj0hXcyEejnW57/7LCetXggd+vwrRnYeII=
github.com/buxtronix/go-daikin v0.0.0-20190717113654-3f7a3f22ebfd h1:/ir1dLEfIxwVVbAzyC6x0qRRMjm+lHwBE5s0gByQNwg=
github.com/buxtronix/go-daikin v0.0.0-20190717113654-3f7a3f22ebfd/go.mod h1:EALOehq8LftWlTXjFkA/d9puGVTcjemyYu7mCW2jfow=
github.com/dim13/unifi v0.0.0-20200709055549-52998aa9c807 h1:KezIQuAxw/1d+bWhdgDH5g4DuLbdml53hm39qesY2MQ=
github.com/dim13/unifi v0.0.0-20200709055549-52998aa9c807/go.mod h1:sUYsMkUp3+3aHx0bZ2JC9JR5FekhwRtf8AHQ/ahcmZ4=
github.com/golang/glog v0.0.0-20160126235308-23def4e6c14b h1:VKtxabqXZkF25pY9ekfRL6a582T4P37/31XEstQ5p58=
github.com/golang/glog v0.0.0-20160126235308-23def4e6c14b/go.mod h1:SBH7ygxi8pfUlaOkMMuAQtPIUF8ecWP5IEl/CR7VP2Q=
github.com/tidwall/gjson v1.7.4 h1:19cchw8FOxkG5mdLRkGf9jqIqEyqdZhPqW60XfyFxk8=
github.com/tidwall/gjson v1.7.4/go.mod h1:5/xDoumyyDNerp2U36lyolv46b3uF/9Bu6OfyQ9GImk=
github.com/tidwall/match v1.0.3 h1:FQUVvBImDutD8wJLN6c5eMzWtjgONK9MwIBCOrUJKeE=
github.com/tidwall/match v1.0.3/go.mod h1:eRSPERbgtNPcGhD8UCthc6PmLEQXEWd3PRB5JTxsfmM=
github.com/tidwall/pretty v1.1.0 h1:K3hMW5epkdAVwibsQEfR/7Zj0Qgt4DxtNumTq/VloO8=
github.com/tidwall/pretty v1.1.0/go.mod h1:XNkn88O1ChpSDQmQeStsy+sBenx6DDtFZJxhVysOjyk=
github.com/yob/go-daikin v0.0.0-20210423141610-20faf507e102 h1:WwvB3Q4saIakZDopz2s4fKtC5B/ipRoCXfuZu67n9dk=
github.com/yob/go-daikin v0.0.0-20210423141610-20faf507e102/go.mod h1:EALOehq8LftWlTXjFkA/d9puGVTcjemyYu7mCW2jfow=
